# This file is automatically @generated by Cargo.
# It is not intended for manual editing.
version = 4

[[package]]
name = "decondenser-core"
version = "0.1.0"

[[package]]
name = "decondenser-wasm"
version = "0.1.0"
dependencies = [
 "decondenser-core",
 "wit-bindgen-rt",
]

[[package]]
name = "wit-bindgen-rt"
version = "0.42.1"
source = "registry+https://github.com/rust-lang/crates.io-index"
checksum = "051105bab12bc78e161f8dfb3596e772dd6a01ebf9c4840988e00347e744966a"
